
Microsoft Visual Studio Solution File, Format Version 12.00
# Visual Studio Version 17
VisualStudioVersion = 17.6.33829.357
MinimumVisualStudioVersion = 10.0.40219.1
Project("{FAE04EC0-301F-11D3-BF4B-00C04F79EFBC}") = "PartTimeJobLogApp", "PartTimeJobLogApp\PartTimeJobLogApp.csproj", "{A10E1282-1E4B-45B7-B48D-A1D6C9813905}"
EndProject
Global
	GlobalSection(SolutionConfigurationPlatforms) = preSolution
		Debug|Any CPU = Debug|Any CPU
		Release|Any CPU = Release|Any CPU
	EndGlobalSection
	GlobalSection(ProjectConfigurationPlatforms) = postSolution
		{A10E1282-1E4B-45B7-B48D-A1D6C9813905}.Debug|Any CPU.ActiveCfg = Debug|Any CPU
		{A10E1282-1E4B-45B7-B48D-A1D6C9813905}.Debug|Any CPU.Build.0 = Debug|Any CPU
		{A10E1282-1E4B-45B7-B48D-A1D6C9813905}.Release|Any CPU.ActiveCfg = Release|Any CPU
		{A10E1282-1E4B-45B7-B48D-A1D6C9813905}.Release|Any CPU.Build.0 = Release|Any CPU
	EndGlobalSection
	GlobalSection(SolutionProperties) = preSolution
		HideSolutionNode = FALSE
	EndGlobalSection
	GlobalSection(ExtensibilityGlobals) = postSolution
		SolutionGuid = {22D079FB-45AD-4312-BE69-F9172E04EA17}
	EndGlobalSection
EndGlobal
